
Microsoft Visual Studio Solution File, Format Version 12.00
# Visual Studio Version 17
VisualStudioVersion = 17.3.32929.385
MinimumVisualStudioVersion = 10.0.40219.1
Project("{FAE04EC0-301F-11D3-BF4B-00C04F79EFBC}") = "ShowTimestamp", "ShowTimestamp\ShowTimestamp.csproj", "{88526F9B-BA08-4201-B6C8-BA8C2C184B07}"
EndProject
Global
	GlobalSection(SolutionConfigurationPlatforms) = preSolution
		Debug|Any CPU = Debug|Any CPU
		Release|Any CPU = Release|Any CPU
	EndGlobalSection
	GlobalSection(ProjectConfigurationPlatforms) = postSolution
		{88526F9B-BA08-4201-B6C8-BA8C2C184B07}.Debug|Any CPU.ActiveCfg = Debug|Any CPU
		{88526F9B-BA08-4201-B6C8-BA8C2C184B07}.Debug|Any CPU.Build.0 = Debug|Any CPU
		{88526F9B-BA08-4201-B6C8-BA8C2C184B07}.Release|Any CPU.ActiveCfg = Release|Any CPU
		{88526F9B-BA08-4201-B6C8-BA8C2C184B07}.Release|Any CPU.Build.0 = Release|Any CPU
	EndGlobalSection
	GlobalSection(SolutionProperties) = preSolution
		HideSolutionNode = FALSE
	EndGlobalSection
	GlobalSection(ExtensibilityGlobals) = postSolution
		SolutionGuid = {9CA4D04A-B68E-41E0-B37F-7A69ABBB4B15}
	EndGlobalSection
EndGlobal
